
Microsoft Visual Studio Solution File, Format Version 12.00
# Visual Studio Version 17
VisualStudioVersion = 17.7.34031.279
MinimumVisualStudioVersion = 10.0.40219.1
Project("{FAE04EC0-301F-11D3-BF4B-00C04F79EFBC}") = "Ejercicio1ProgMovil.Android", "Ejercicio1ProgMovil.Android\Ejercicio1ProgMovil.Android.csproj", "{9DFE44A3-E14F-4EFE-A4B7-E62503CB16F3}"
EndProject
Project("{FAE04EC0-301F-11D3-BF4B-00C04F79EFBC}") = "Ejercicio1ProgMovil", "Ejercicio1ProgMovil\Ejercicio1ProgMovil.csproj", "{2406E1F8-74B3-4CDD-87C3-A4D6DA9FAC19}"
EndProject
Global
	GlobalSection(SolutionConfigurationPlatforms) = preSolution
		Debug|Any CPU = Debug|Any CPU
		Release|Any CPU = Release|Any CPU
	EndGlobalSection
	GlobalSection(ProjectConfigurationPlatforms) = postSolution
		{9DFE44A3-E14F-4EFE-A4B7-E62503CB16F3}.Debug|Any CPU.ActiveCfg = Debug|Any CPU
		{9DFE44A3-E14F-4EFE-A4B7-E62503CB16F3}.Debug|Any CPU.Build.0 = Debug|Any CPU
		{9DFE44A3-E14F-4EFE-A4B7-E62503CB16F3}.Debug|Any CPU.Deploy.0 = Debug|Any CPU
		{9DFE44A3-E14F-4EFE-A4B7-E62503CB16F3}.Release|Any CPU.ActiveCfg = Release|Any CPU
		{9DFE44A3-E14F-4EFE-A4B7-E62503CB16F3}.Release|Any CPU.Build.0 = Release|Any CPU
		{9DFE44A3-E14F-4EFE-A4B7-E62503CB16F3}.Release|Any CPU.Deploy.0 = Release|Any CPU
		{2406E1F8-74B3-4CDD-87C3-A4D6DA9FAC19}.Debug|Any CPU.ActiveCfg = Debug|Any CPU
		{2406E1F8-74B3-4CDD-87C3-A4D6DA9FAC19}.Debug|Any CPU.Build.0 = Debug|Any CPU
		{2406E1F8-74B3-4CDD-87C3-A4D6DA9FAC19}.Debug|Any CPU.Deploy.0 = Debug|Any CPU
		{2406E1F8-74B3-4CDD-87C3-A4D6DA9FAC19}.Release|Any CPU.ActiveCfg = Release|Any CPU
		{2406E1F8-74B3-4CDD-87C3-A4D6DA9FAC19}.Release|Any CPU.Build.0 = Release|Any CPU
		{2406E1F8-74B3-4CDD-87C3-A4D6DA9FAC19}.Release|Any CPU.Deploy.0 = Release|Any CPU
	EndGlobalSection
	GlobalSection(SolutionProperties) = preSolution
		HideSolutionNode = FALSE
	EndGlobalSection
	GlobalSection(ExtensibilityGlobals) = postSolution
		SolutionGuid = {4CEB56EC-AD2A-4648-A587-20A35A489327}
	EndGlobalSection
EndGlobal
